{
  "name": "mnt",
  "lockfileVersion": 3,
  "requires": true,
  "packages": {
    "": {
      "dependencies": {
        "@openai/codex": "0.144.1"
      }
    },
    "node_modules/@openai/codex": {
      "version": "0.144.1",
      "resolved": "https://registry.npmjs.org/@openai/codex/-/codex-0.144.1.tgz",
      "integrity": "sha512-Xir1zqPfpenhdoAoshN53uonzbBXj18COyzRkFlVZpSNyEl5XtkuYu9oddELePFN7K/0sXUcSO34Ad5IeCXPbw==",
      "license": "Apache-2.0",
      "bin": {
        "codex": "bin/codex.js"
      },
      "engines": {
        "node": ">=16"
      },
      "optionalDependencies": {
        "@openai/codex-darwin-arm64": "npm:@openai/codex@0.144.1-darwin-arm64",
        "@openai/codex-darwin-x64": "npm:@openai/codex@0.144.1-darwin-x64",
        "@openai/codex-linux-arm64": "npm:@openai/codex@0.144.1-linux-arm64",
        "@openai/codex-linux-x64": "npm:@openai/codex@0.144.1-linux-x64",
        "@openai/codex-win32-arm64": "npm:@openai/codex@0.144.1-win32-arm64",
        "@openai/codex-win32-x64": "npm:@openai/codex@0.144.1-win32-x64"
      }
    },
    "node_modules/@openai/codex-darwin-arm64": {
      "name": "@openai/codex",
      "version": "0.144.1-darwin-arm64",
      "resolved": "https://registry.npmjs.org/@openai/codex/-/codex-0.144.1-darwin-arm64.tgz",
      "integrity": "sha512-dABeDK+ATqMG54MGBd3VjpKfh5EOoqx9PKVQB2QYDaEXx3F6CdUCXue5QIMfr4OxziUj8pUcLAQyd+KFqiTUFw==",
      "cpu": [
        "arm64"
      ],
      "license": "Apache-2.0",
      "optional": true,
      "os": [
        "darwin"
      ],
      "engines": {
        "node": ">=16"
      }
    },
    "node_modules/@openai/codex-darwin-x64": {
      "name": "@openai/codex",
      "version": "0.144.1-darwin-x64",
      "resolved": "https://registry.npmjs.org/@openai/codex/-/codex-0.144.1-darwin-x64.tgz",
      "integrity": "sha512-K2g3Q3tNxzFhV0SuzO6HcsYK7EQrp/o4HyeReyhkwVrwwUPoYwyIbB0IRjHIiDzRhbKriDccid2iyF5aPqdTcg==",
      "cpu": [
        "x64"
      ],
      "license": "Apache-2.0",
      "optional": true,
      "os": [
        "darwin"
      ],
      "engines": {
        "node": ">=16"
      }
    },
    "node_modules/@openai/codex-linux-arm64": {
      "name": "@openai/codex",
      "version": "0.144.1-linux-arm64",
      "resolved": "https://registry.npmjs.org/@openai/codex/-/codex-0.144.1-linux-arm64.tgz",
      "integrity": "sha512-451o15+XtaXCCb35t/KCyyPqXHnTPxPxtdqEYOnE3e4sH5AfnI/uVJwfdjOksMG6vRLy6R+fLvSDOMguRFLmQw==",
      "cpu": [
        "arm64"
      ],
      "license": "Apache-2.0",
      "optional": true,
      "os": [
        "linux"
      ],
      "engines": {
        "node": ">=16"
      }
    },
    "node_modules/@openai/codex-linux-x64": {
      "name": "@openai/codex",
      "version": "0.144.1-linux-x64",
      "resolved": "https://registry.npmjs.org/@openai/codex/-/codex-0.144.1-linux-x64.tgz",
      "integrity": "sha512-HNGVI+BulrOaC/0IzBvd6EL62j7LrlbFKibrhw6hZjjCjAeUYzRB2jB4qDzXN1NfqDi6Xrvniof3kwbwab24lg==",
      "cpu": [
        "x64"
      ],
      "license": "Apache-2.0",
      "optional": true,
      "os": [
        "linux"
      ],
      "engines": {
        "node": ">=16"
      }
    },
    "node_modules/@openai/codex-win32-arm64": {
      "name": "@openai/codex",
      "version": "0.144.1-win32-arm64",
      "resolved": "https://registry.npmjs.org/@openai/codex/-/codex-0.144.1-win32-arm64.tgz",
      "integrity": "sha512-L4aDVEh9o1u7WYoxpSyv3un9Bz26YZYocOFqE2oHdEQDL2s6/LdtutLQc3oUZruLlEbkNsjSU0HI1OKsP0+Ctg==",
      "cpu": [
        "arm64"
      ],
      "license": "Apache-2.0",
      "optional": true,
      "os": [
        "win32"
      ],
      "engines": {
        "node": ">=16"
      }
    },
    "node_modules/@openai/codex-win32-x64": {
      "name": "@openai/codex",
      "version": "0.144.1-win32-x64",
      "resolved": "https://registry.npmjs.org/@openai/codex/-/codex-0.144.1-win32-x64.tgz",
      "integrity": "sha512-qv2HOp6v/nVP31p5I5GxYyL0wa79PMzim1+W9CKSV0UldjFV9AMbualA8PeXcYhbvvh9Y1UASXxwjuQdlyfAvw==",
      "cpu": [
        "x64"
      ],
      "license": "Apache-2.0",
      "optional": true,
      "os": [
        "win32"
      ],
      "engines": {
        "node": ">=16"
      }
    }
  }
}
