{
  "name": "mnt",
  "lockfileVersion": 3,
  "requires": true,
  "packages": {
    "": {
      "dependencies": {
        "@openai/codex": "0.87.0"
      }
    },
    "node_modules/@openai/codex": {
      "version": "0.87.0",
      "resolved": "https://registry.npmjs.org/@openai/codex/-/codex-0.87.0.tgz",
      "integrity": "sha512-VaPB2gcJ6XLqs8Kvv5bkel1cItSDZIHk0xA71IFux+lYTHmyV6ihup6FolSWROmiYfr7dXxPrtb01CQ7sl0AdA==",
      "license": "Apache-2.0",
      "bin": {
        "codex": "bin/codex.js"
      },
      "engines": {
        "node": ">=16"
      }
    }
  }
}
