{
  "name": "mnt",
  "lockfileVersion": 3,
  "requires": true,
  "packages": {
    "": {
      "dependencies": {
        "@openai/codex": "0.72.0"
      }
    },
    "node_modules/@openai/codex": {
      "version": "0.72.0",
      "resolved": "https://registry.npmjs.org/@openai/codex/-/codex-0.72.0.tgz",
      "integrity": "sha512-/y04L2gAAAVKkfj2tzmK7scfqeW3WqO9zZLtaJ76ItVkezEr5V8334law6b9di+jRUyTykA8Oqmjir07yaQFOg==",
      "license": "Apache-2.0",
      "bin": {
        "codex": "bin/codex.js"
      },
      "engines": {
        "node": ">=16"
      }
    }
  }
}
